// !$*UTF8*$!
{
	archiveVersion = 1;
	classes = {
	};
	objectVersion = 48;
	objects = {

/* Begin PBXBuildFile section */
		532C32311FF23E930060F816 /* AppDelegate.swift in Sources */ = {isa = PBXBuildFile; fileRef = 532C32301FF23E930060F816 /* AppDelegate.swift */; };
		532C32331FF23E930060F816 /* TodoListViewController.swift in Sources */ = {isa = PBXBuildFile; fileRef = 532C32321FF23E930060F816 /* TodoListViewController.swift */; };
		532C32361FF23E930060F816 /* Main.storyboard in Resources */ = {isa = PBXBuildFile; fileRef = 532C32341FF23E930060F816 /* Main.storyboard */; };
		532C32381FF23E930060F816 /* Assets.xcassets in Resources */ = {isa = PBXBuildFile; fileRef = 532C32371FF23E930060F816 /* Assets.xcassets */; };
		532C323B1FF23E930060F816 /* LaunchScreen.storyboard in Resources */ = {isa = PBXBuildFile; fileRef = 532C32391FF23E930060F816 /* LaunchScreen.storyboard */; };
		5363289C1FF5ECAA00A5C9BF /* DataModel.xcdatamodeld in Sources */ = {isa = PBXBuildFile; fileRef = 5363289A1FF5ECAA00A5C9BF /* DataModel.xcdatamodeld */; };
		536328C11FF61F3300A5C9BF /* CategoryTableViewController.swift in Sources */ = {isa = PBXBuildFile; fileRef = 536328C01FF61F3300A5C9BF /* CategoryTableViewController.swift */; };
/* End PBXBuildFile section */

/* Begin PBXFileReference section */
		532C322D1FF23E930060F816 /* Todoey.app */ = {isa = PBXFileReference; explicitFileType = wrapper.application; includeInIndex = 0; path = Todoey.app; sourceTree = BUILT_PRODUCTS_DIR; };
		532C32301FF23E930060F816 /* AppDelegate.swift */ = {isa = PBXFileReference; lastKnownFileType = sourcecode.swift; path = AppDelegate.swift; sourceTree = "<group>"; };
		532C32321FF23E930060F816 /* TodoListViewController.swift */ = {isa = PBXFileReference; lastKnownFileType = sourcecode.swift; path = TodoListViewController.swift; sourceTree = "<group>"; };
		532C32351FF23E930060F816 /* Base */ = {isa = PBXFileReference; lastKnownFileType = file.storyboard; name = Base; path = Base.lproj/Main.storyboard; sourceTree = "<group>"; };
		532C32371FF23E930060F816 /* Assets.xcassets */ = {isa = PBXFileReference; lastKnownFileType = folder.assetcatalog; path = Assets.xcassets; sourceTree = "<group>"; };
		532C323A1FF23E930060F816 /* Base */ = {isa = PBXFileReference; lastKnownFileType = file.storyboard; name = Base; path = Base.lproj/LaunchScreen.storyboard; sourceTree = "<group>"; };
		532C323C1FF23E930060F816 /* Info.plist */ = {isa = PBXFileReference; lastKnownFileType = text.plist.xml; path = Info.plist; sourceTree = "<group>"; };
		5363289B1FF5ECAA00A5C9BF /* DataModel.xcdatamodel */ = {isa = PBXFileReference; lastKnownFileType = wrapper.xcdatamodel; path = DataModel.xcdatamodel; sourceTree = "<group>"; };
		536328C01FF61F3300A5C9BF /* CategoryTableViewController.swift */ = {isa = PBXFileReference; lastKnownFileType = sourcecode.swift; path = CategoryTableViewController.swift; sourceTree = "<group>"; };
/* End PBXFileReference section */

/* Begin PBXFrameworksBuildPhase section */
		532C322A1FF23E930060F816 /* Frameworks */ = {
			isa = PBXFrameworksBuildPhase;
			buildActionMask = 2147483647;
			files = (
			);
			runOnlyForDeploymentPostprocessing = 0;
		};
/* End PBXFrameworksBuildPhase section */

/* Begin PBXGroup section */
		532C32241FF23E930060F816 = {
			isa = PBXGroup;
			children = (
				532C322F1FF23E930060F816 /* Todoey */,
				532C322E1FF23E930060F816 /* Products */,
			);
			sourceTree = "<group>";
		};
		532C322E1FF23E930060F816 /* Products */ = {
			isa = PBXGroup;
			children = (
				532C322D1FF23E930060F816 /* Todoey.app */,
			);
			name = Products;
			sourceTree = "<group>";
		};
		532C322F1FF23E930060F816 /* Todoey */ = {
			isa = PBXGroup;
			children = (
				532C32301FF23E930060F816 /* AppDelegate.swift */,
				532C323C1FF23E930060F816 /* Info.plist */,
				53BDA55A1FF4DB5800EAE6F1 /* Controllers */,
				53BDA5591FF4DB4200EAE6F1 /* Data Model */,
				53BDA55B1FF4DB6B00EAE6F1 /* Views */,
				53BDA55C1FF4DB8300EAE6F1 /* Supporting Files */,
			);
			path = Todoey;
			sourceTree = "<group>";
		};
		53BDA5591FF4DB4200EAE6F1 /* Data Model */ = {
			isa = PBXGroup;
			children = (
				5363289A1FF5ECAA00A5C9BF /* DataModel.xcdatamodeld */,
			);
			path = "Data Model";
			sourceTree = "<group>";
		};
		53BDA55A1FF4DB5800EAE6F1 /* Controllers */ = {
			isa = PBXGroup;
			children = (
				536328C01FF61F3300A5C9BF /* CategoryTableViewController.swift */,
				532C32321FF23E930060F816 /* TodoListViewController.swift */,
			);
			path = Controllers;
			sourceTree = "<group>";
		};
		53BDA55B1FF4DB6B00EAE6F1 /* Views */ = {
			isa = PBXGroup;
			children = (
				532C32341FF23E930060F816 /* Main.storyboard */,
			);
			path = Views;
			sourceTree = "<group>";
		};
		53BDA55C1FF4DB8300EAE6F1 /* Supporting Files */ = {
			isa = PBXGroup;
			children = (
				532C32371FF23E930060F816 /* Assets.xcassets */,
				532C32391FF23E930060F816 /* LaunchScreen.storyboard */,
			);
			path = "Supporting Files";
			sourceTree = "<group>";
		};
/* End PBXGroup section */

/* Begin PBXNativeTarget section */
		532C322C1FF23E930060F816 /* Todoey */ = {
			isa = PBXNativeTarget;
			buildConfigurationList = 532C323F1FF23E930060F816 /* Build configuration list for PBXNativeTarget "Todoey" */;
			buildPhases = (
				532C32291FF23E930060F816 /* Sources */,
				532C322A1FF23E930060F816 /* Frameworks */,
				532C322B1FF23E930060F816 /* Resources */,
			);
			buildRules = (
			);
			dependencies = (
			);
			name = Todoey;
			productName = Todoey;
			productReference = 532C322D1FF23E930060F816 /* Todoey.app */;
			productType = "com.apple.product-type.application";
		};
/* End PBXNativeTarget section */

/* Begin PBXProject section */
		532C32251FF23E930060F816 /* Project object */ = {
			isa = PBXProject;
			attributes = {
				LastSwiftUpdateCheck = 0920;
				LastUpgradeCheck = 0920;
				ORGANIZATIONNAME = "Alex Yu";
				TargetAttributes = {
					532C322C1FF23E930060F816 = {
						CreatedOnToolsVersion = 9.2;
						ProvisioningStyle = Automatic;
					};
				};
			};
			buildConfigurationList = 532C32281FF23E930060F816 /* Build configuration list for PBXProject "Todoey" */;
			compatibilityVersion = "Xcode 8.0";
			developmentRegion = en;
			hasScannedForEncodings = 0;
			knownRegions = (
				en,
				Base,
			);
			mainGroup = 532C32241FF23E930060F816;
			productRefGroup = 532C322E1FF23E930060F816 /* Products */;
			projectDirPath = "";
			projectRoot = "";
			targets = (
				532C322C1FF23E930060F816 /* Todoey */,
			);
		};
/* End PBXProject section */

/* Begin PBXResourcesBuildPhase section */
		532C322B1FF23E930060F816 /* Resources */ = {
			isa = PBXResourcesBuildPhase;
			buildActionMask = 2147483647;
			files = (
				532C323B1FF23E930060F816 /* LaunchScreen.storyboard in Resources */,
				532C32381FF23E930060F816 /* Assets.xcassets in Resources */,
				532C32361FF23E930060F816 /* Main.storyboard in Resources */,
			);
			runOnlyForDeploymentPostprocessing = 0;
		};
/* End PBXResourcesBuildPhase section */

/* Begin PBXSourcesBuildPhase section */
		532C32291FF23E930060F816 /* Sources */ = {
			isa = PBXSourcesBuildPhase;
			buildActionMask = 2147483647;
			files = (
				532C32331FF23E930060F816 /* TodoListViewController.swift in Sources */,
				5363289C1FF5ECAA00A5C9BF /* DataModel.xcdatamodeld in Sources */,
				532C32311FF23E930060F816 /* AppDelegate.swift in Sources */,
				536328C11FF61F3300A5C9BF /* CategoryTableViewController.swift in Sources */,
			);
			runOnlyForDeploymentPostprocessing = 0;
		};
/* End PBXSourcesBuildPhase section */

/* Begin PBXVariantGroup section */
		532C32341FF23E930060F816 /* Main.storyboard */ = {
			isa = PBXVariantGroup;
			children = (
				532C32351FF23E930060F816 /* Base */,
			);
			name = Main.storyboard;
			sourceTree = "<group>";
		};
		532C32391FF23E930060F816 /* LaunchScreen.storyboard */ = {
			isa = PBXVariantGroup;
			children = (
				532C323A1FF23E930060F816 /* Base */,
			);
			name = LaunchScreen.storyboard;
			sourceTree = "<group>";
		};
/* End PBXVariantGroup section */

/* Begin XCBuildConfiguration section */
		532C323D1FF23E930060F816 /* Debug */ = {
			isa = XCBuildConfiguration;
			buildSettings = {
				ALWAYS_SEARCH_USER_PATHS = NO;
				CLANG_ANALYZER_NONNULL = YES;
				CLANG_ANALYZER_NUMBER_OBJECT_CONVERSION = YES_AGGRESSIVE;
				CLANG_CXX_LANGUAGE_STANDARD = "gnu++14";
				CLANG_CXX_LIBRARY = "libc++";
				CLANG_ENABLE_MODULES = YES;
				CLANG_ENABLE_OBJC_ARC = YES;
				CLANG_WARN_BLOCK_CAPTURE_AUTORELEASING = YES;
				CLANG_WARN_BOOL_CONVERSION = YES;
				CLANG_WARN_COMMA = YES;
				CLANG_WARN_CONSTANT_CONVERSION = YES;
				CLANG_WARN_DIRECT_OBJC_ISA_USAGE = YES_ERROR;
				CLANG_WARN_DOCUMENTATION_COMMENTS = YES;
				CLANG_WARN_EMPTY_BODY = YES;
				CLANG_WARN_ENUM_CONVERSION = YES;
				CLANG_WARN_INFINITE_RECURSION = YES;
				CLANG_WARN_INT_CONVERSION = YES;
				CLANG_WARN_NON_LITERAL_NULL_CONVERSION = YES;
				CLANG_WARN_OBJC_LITERAL_CONVERSION = YES;
				CLANG_WARN_OBJC_ROOT_CLASS = YES_ERROR;
				CLANG_WARN_RANGE_LOOP_ANALYSIS = YES;
				CLANG_WARN_STRICT_PROTOTYPES = YES;
				CLANG_WARN_SUSPICIOUS_MOVE = YES;
				CLANG_WARN_UNGUARDED_AVAILABILITY = YES_AGGRESSIVE;
				CLANG_WARN_UNREACHABLE_CODE = YES;
				CLANG_WARN__DUPLICATE_METHOD_MATCH = YES;
				CODE_SIGN_IDENTITY = "iPhone Developer";
				COPY_PHASE_STRIP = NO;
				DEBUG_INFORMATION_FORMAT = dwarf;
				ENABLE_STRICT_OBJC_MSGSEND = YES;
				ENABLE_TESTABILITY = YES;
				GCC_C_LANGUAGE_STANDARD = gnu11;
				GCC_DYNAMIC_NO_PIC = NO;
				GCC_NO_COMMON_BLOCKS = YES;
				GCC_OPTIMIZATION_LEVEL = 0;
				GCC_PREPROCESSOR_DEFINITIONS = (
					"DEBUG=1",
					"$(inherited)",
				);
				GCC_WARN_64_TO_32_BIT_CONVERSION = YES;
				GCC_WARN_ABOUT_RETURN_TYPE = YES_ERROR;
				GCC_WARN_UNDECLARED_SELECTOR = YES;
				GCC_WARN_UNINITIALIZED_AUTOS = YES_AGGRESSIVE;
				GCC_WARN_UNUSED_FUNCTION = YES;
				GCC_WARN_UNUSED_VARIABLE = YES;
				IPHONEOS_DEPLOYMENT_TARGET = 11.2;
				MTL_ENABLE_DEBUG_INFO = YES;
				ONLY_ACTIVE_ARCH = YES;
				SDKROOT = iphoneos;
				SWIFT_ACTIVE_COMPILATION_CONDITIONS = DEBUG;
				SWIFT_OPTIMIZATION_LEVEL = "-Onone";
			};
			name = Debug;
		};
		532C323E1FF23E930060F816 /* Release */ = {
			isa = XCBuildConfiguration;
			buildSettings = {
				ALWAYS_SEARCH_USER_PATHS = NO;
				CLANG_ANALYZER_NONNULL = YES;
				CLANG_ANALYZER_NUMBER_OBJECT_CONVERSION = YES_AGGRESSIVE;
				CLANG_CXX_LANGUAGE_STANDARD = "gnu++14";
				CLANG_CXX_LIBRARY = "libc++";
				CLANG_ENABLE_MODULES = YES;
				CLANG_ENABLE_OBJC_ARC = YES;
				CLANG_WARN_BLOCK_CAPTURE_AUTORELEASING = YES;
				CLANG_WARN_BOOL_CONVERSION = YES;
				CLANG_WARN_COMMA = YES;
				CLANG_WARN_CONSTANT_CONVERSION = YES;
				CLANG_WARN_DIRECT_OBJC_ISA_USAGE = YES_ERROR;
				CLANG_WARN_DOCUMENTATION_COMMENTS = YES;
				CLANG_WARN_EMPTY_BODY = YES;
				CLANG_WARN_ENUM_CONVERSION = YES;
				CLANG_WARN_INFINITE_RECURSION = YES;
				CLANG_WARN_INT_CONVERSION = YES;
				CLANG_WARN_NON_LITERAL_NULL_CONVERSION = YES;
				CLANG_WARN_OBJC_LITERAL_CONVERSION = YES;
				CLANG_WARN_OBJC_ROOT_CLASS = YES_ERROR;
				CLANG_WARN_RANGE_LOOP_ANALYSIS = YES;
				CLANG_WARN_STRICT_PROTOTYPES = YES;
				CLANG_WARN_SUSPICIOUS_MOVE = YES;
				CLANG_WARN_UNGUARDED_AVAILABILITY = YES_AGGRESSIVE;
				CLANG_WARN_UNREACHABLE_CODE = YES;
				CLANG_WARN__DUPLICATE_METHOD_MATCH = YES;
				CODE_SIGN_IDENTITY = "iPhone Developer";
				COPY_PHASE_STRIP = NO;
				DEBUG_INFORMATION_FORMAT = "dwarf-with-dsym";
				ENABLE_NS_ASSERTIONS = NO;
				ENABLE_STRICT_OBJC_MSGSEND = YES;
				GCC_C_LANGUAGE_STANDARD = gnu11;
				GCC_NO_COMMON_BLOCKS = YES;
				GCC_WARN_64_TO_32_BIT_CONVERSION = YES;
				GCC_WARN_ABOUT_RETURN_TYPE = YES_ERROR;
				GCC_WARN_UNDECLARED_SELECTOR = YES;
				GCC_WARN_UNINITIALIZED_AUTOS = YES_AGGRESSIVE;
				GCC_WARN_UNUSED_FUNCTION = YES;
				GCC_WARN_UNUSED_VARIABLE = YES;
				IPHONEOS_DEPLOYMENT_TARGET = 11.2;
				MTL_ENABLE_DEBUG_INFO = NO;
				SDKROOT = iphoneos;
				SWIFT_OPTIMIZATION_LEVEL = "-Owholemodule";
				VALIDATE_PRODUCT = YES;
			};
			name = Release;
		};
		532C32401FF23E930060F816 /* Debug */ = {
			isa = XCBuildConfiguration;
			buildSettings = {
				ASSETCATALOG_COMPILER_APPICON_NAME = AppIcon;
				CODE_SIGN_STYLE = Automatic;
				DEVELOPMENT_TEAM = ZB75GK22MF;
				INFOPLIST_FILE = Todoey/Info.plist;
				LD_RUNPATH_SEARCH_PATHS = "$(inherited) @executable_path/Frameworks";
				PRODUCT_BUNDLE_IDENTIFIER = com.azitacam.Todoey;
				PRODUCT_NAME = "$(TARGET_NAME)";
				SWIFT_VERSION = 4.0;
				TARGETED_DEVICE_FAMILY = "1,2";
			};
			name = Debug;
		};
		532C32411FF23E930060F816 /* Release */ = {
			isa = XCBuildConfiguration;
			buildSettings = {
				ASSETCATALOG_COMPILER_APPICON_NAME = AppIcon;
				CODE_SIGN_STYLE = Automatic;
				DEVELOPMENT_TEAM = ZB75GK22MF;
				INFOPLIST_FILE = Todoey/Info.plist;
				LD_RUNPATH_SEARCH_PATHS = "$(inherited) @executable_path/Frameworks";
				PRODUCT_BUNDLE_IDENTIFIER = com.azitacam.Todoey;
				PRODUCT_NAME = "$(TARGET_NAME)";
				SWIFT_VERSION = 4.0;
				TARGETED_DEVICE_FAMILY = "1,2";
			};
			name = Release;
		};
/* End XCBuildConfiguration section */

/* Begin XCConfigurationList section */
		532C32281FF23E930060F816 /* Build configuration list for PBXProject "Todoey" */ = {
			isa = XCConfigurationList;
			buildConfigurations = (
				532C323D1FF23E930060F816 /* Debug */,
				532C323E1FF23E930060F816 /* Release */,
			);
			defaultConfigurationIsVisible = 0;
			defaultConfigurationName = Release;
		};
		532C323F1FF23E930060F816 /* Build configuration list for PBXNativeTarget "Todoey" */ = {
			isa = XCConfigurationList;
			buildConfigurations = (
				532C32401FF23E930060F816 /* Debug */,
				532C32411FF23E930060F816 /* Release */,
			);
			defaultConfigurationIsVisible = 0;
			defaultConfigurationName = Release;
		};
/* End XCConfigurationList section */

/* Begin XCVersionGroup section */
		5363289A1FF5ECAA00A5C9BF /* DataModel.xcdatamodeld */ = {
			isa = XCVersionGroup;
			children = (
				5363289B1FF5ECAA00A5C9BF /* DataModel.xcdatamodel */,
			);
			currentVersion = 5363289B1FF5ECAA00A5C9BF /* DataModel.xcdatamodel */;
			path = DataModel.xcdatamodeld;
			sourceTree = "<group>";
			versionGroupType = wrapper.xcdatamodel;
		};
/* End XCVersionGroup section */
	};
	rootObject = 532C32251FF23E930060F816 /* Project object */;
}
